
Microsoft Visual Studio Solution File, Format Version 12.00
# Visual Studio 15
VisualStudioVersion = 15.0.27130.2026
MinimumVisualStudioVersion = 10.0.40219.1
Project("{FAE04EC0-301F-11D3-BF4B-00C04F79EFBC}") = "Unity-Mod-Serializer", "Unity-Mod-Serializer\Unity-Mod-Serializer.csproj", "{8E8D82BE-7D04-4FF0-81FD-65C023D11FBD}"
EndProject
Project("{FAE04EC0-301F-11D3-BF4B-00C04F79EFBC}") = "Unity-Mod-Serializer-Editor", "Unity-Mod-Serializer-Editor\Unity-Mod-Serializer-Editor.csproj", "{C035FFCC-F1CA-4FCF-AF71-E863E4A89BCE}"
EndProject
Global
	GlobalSection(SolutionConfigurationPlatforms) = preSolution
		Debug|Any CPU = Debug|Any CPU
		Release|Any CPU = Release|Any CPU
	EndGlobalSection
	GlobalSection(ProjectConfigurationPlatforms) = postSolution
		{8E8D82BE-7D04-4FF0-81FD-65C023D11FBD}.Debug|Any CPU.ActiveCfg = Debug|Any CPU
		{8E8D82BE-7D04-4FF0-81FD-65C023D11FBD}.Debug|Any CPU.Build.0 = Debug|Any CPU
		{8E8D82BE-7D04-4FF0-81FD-65C023D11FBD}.Release|Any CPU.ActiveCfg = Debug|Any CPU
		{8E8D82BE-7D04-4FF0-81FD-65C023D11FBD}.Release|Any CPU.Build.0 = Debug|Any CPU
		{C035FFCC-F1CA-4FCF-AF71-E863E4A89BCE}.Debug|Any CPU.ActiveCfg = Debug|Any CPU
		{C035FFCC-F1CA-4FCF-AF71-E863E4A89BCE}.Debug|Any CPU.Build.0 = Debug|Any CPU
		{C035FFCC-F1CA-4FCF-AF71-E863E4A89BCE}.Release|Any CPU.ActiveCfg = Debug|Any CPU
		{C035FFCC-F1CA-4FCF-AF71-E863E4A89BCE}.Release|Any CPU.Build.0 = Debug|Any CPU
	EndGlobalSection
	GlobalSection(SolutionProperties) = preSolution
		HideSolutionNode = FALSE
	EndGlobalSection
	GlobalSection(ExtensibilityGlobals) = postSolution
		SolutionGuid = {1C9BFFB3-7467-433D-8890-5666C001A2E1}
	EndGlobalSection
EndGlobal
